Microsoft Visual Studio Solution File, Format Version 7.00
Project("{8BC9CEB8-8B4A-11D0-8D11-00A0C91BC942}") = "staticlib", "staticlib.vcproj", "{0EA199DA-EB8D-4175-89D8-609F9EDEF2DA}"
EndProject
Project("{8BC9CEB8-8B4A-11D0-8D11-00A0C91BC942}") = "dll", "dll.vcproj", "{34DF250F-E521-4AD5-A533-A1C70EED87F8}"
EndProject
Project("{8BC9CEB8-8B4A-11D0-8D11-00A0C91BC942}") = "client", "client.vcproj", "{17D0F80C-9F54-4562-B304-44A0329C2763}"
EndProject
Global
	GlobalSection(SolutionConfiguration) = preSolution
		ConfigName.0 = Debug
		ConfigName.1 = Release
	EndGlobalSection
	GlobalSection(ProjectDependencies) = postSolution
		{34DF250F-E521-4AD5-A533-A1C70EED87F8}.0 = {0EA199DA-EB8D-4175-89D8-609F9EDEF2DA}
	EndGlobalSection
	GlobalSection(ProjectConfiguration) = postSolution
		{0EA199DA-EB8D-4175-89D8-609F9EDEF2DA}.Debug.ActiveCfg = Debug|Win32
		{0EA199DA-EB8D-4175-89D8-609F9EDEF2DA}.Debug.Build.0 = Debug|Win32
		{0EA199DA-EB8D-4175-89D8-609F9EDEF2DA}.Release.ActiveCfg = Release|Win32
		{0EA199DA-EB8D-4175-89D8-609F9EDEF2DA}.Release.Build.0 = Release|Win32
		{34DF250F-E521-4AD5-A533-A1C70EED87F8}.Debug.ActiveCfg = Debug|Win32
		{34DF250F-E521-4AD5-A533-A1C70EED87F8}.Debug.Build.0 = Debug|Win32
		{34DF250F-E521-4AD5-A533-A1C70EED87F8}.Release.ActiveCfg = Release|Win32
		{34DF250F-E521-4AD5-A533-A1C70EED87F8}.Release.Build.0 = Release|Win32
		{17D0F80C-9F54-4562-B304-44A0329C2763}.Debug.ActiveCfg = Debug|Win32
		{17D0F80C-9F54-4562-B304-44A0329C2763}.Debug.Build.0 = Debug|Win32
		{17D0F80C-9F54-4562-B304-44A0329C2763}.Release.ActiveCfg = Release|Win32
		{17D0F80C-9F54-4562-B304-44A0329C2763}.Release.Build.0 = Release|Win32
	EndGlobalSection
	GlobalSection(ExtensibilityGlobals) = postSolution
	EndGlobalSection
	GlobalSection(ExtensibilityAddIns) = postSolution
	EndGlobalSection
EndGlobal
