Microsoft Visual Studio Solution File, Format Version 7.00
Project("{8BC9CEB8-8B4A-11D0-8D11-00A0C91BC942}") = "model", "model.vcproj", "{54FFB25F-2DC8-495D-90A1-BA0A414337C5}"
EndProject
Project("{8BC9CEB8-8B4A-11D0-8D11-00A0C91BC942}") = "solver", "solver.vcproj", "{6B6B300B-A54F-423D-B80C-7D1C770E6260}"
EndProject
Project("{8BC9CEB8-8B4A-11D0-8D11-00A0C91BC942}") = "utils", "utils.vcproj", "{52CF1D2E-D314-4031-AC11-EB87987591A6}"
EndProject
Project("{8BC9CEB8-8B4A-11D0-8D11-00A0C91BC942}") = "main_static", "main_static.vcproj", "{18BDBAD8-98A3-4A61-86C4-037F106A00CD}"
EndProject
Project("{8BC9CEB8-8B4A-11D0-8D11-00A0C91BC942}") = "staticlib", "staticlib.vcproj", "{ABC5F5DB-B121-4D92-8AB8-CE1B20B43413}"
EndProject
Project("{8BC9CEB8-8B4A-11D0-8D11-00A0C91BC942}") = "swig", "swig.vcproj", "{EC20CA95-A33C-4A3E-A8BA-8587000F49F1}"
EndProject
Project("{8BC9CEB8-8B4A-11D0-8D11-00A0C91BC942}") = "main", "main.vcproj", "{711D46F6-6B68-4C65-9EB1-624F02B07E41}"
EndProject
Project("{8BC9CEB8-8B4A-11D0-8D11-00A0C91BC942}") = "dll", "dll.vcproj", "{7DB19B15-8C74-4EEF-B664-697E030FD67D}"
EndProject
Project("{8BC9CEB8-8B4A-11D0-8D11-00A0C91BC942}") = "module_forecast", "module_forecast.vcproj", "{7DB29B15-8CA4-4EAF-B666-697E030FD67D}"
EndProject
Global
	GlobalSection(SolutionConfiguration) = preSolution
		ConfigName.0 = Debug
		ConfigName.1 = Release
		ConfigName.2 = Release_and_Swig
		ConfigName.3 = Swig
	EndGlobalSection
	GlobalSection(ProjectDependencies) = postSolution
		{54FFB25F-2DC8-495D-90A1-BA0A414337C5}.0 = {52CF1D2E-D314-4031-AC11-EB87987591A6}
		{6B6B300B-A54F-423D-B80C-7D1C770E6260}.0 = {54FFB25F-2DC8-495D-90A1-BA0A414337C5}
		{18BDBAD8-98A3-4A61-86C4-037F106A00CD}.0 = {ABC5F5DB-B121-4D92-8AB8-CE1B20B43413}
		{ABC5F5DB-B121-4D92-8AB8-CE1B20B43413}.0 = {6B6B300B-A54F-423D-B80C-7D1C770E6260}
		{EC20CA95-A33C-4A3E-A8BA-8587000F49F1}.0 = {ABC5F5DB-B121-4D92-8AB8-CE1B20B43413}
		{711D46F6-6B68-4C65-9EB1-624F02B07E41}.0 = {7DB19B15-8C74-4EEF-B664-697E030FD67D}
		{7DB19B15-8C74-4EEF-B664-697E030FD67D}.0 = {6B6B300B-A54F-423D-B80C-7D1C770E6260}
		{7DB29B15-8CA4-4EAF-B666-697E030FD67D}.0 = {7DB19B15-8C74-4EEF-B664-697E030FD67D}
		{7DB29B15-8CA4-4EAF-B666-697E030FD67D}.1 = {ABC5F5DB-B121-4D92-8AB8-CE1B20B43413}
	EndGlobalSection
	GlobalSection(ProjectConfiguration) = postSolution
		{54FFB25F-2DC8-495D-90A1-BA0A414337C5}.Debug.ActiveCfg = Debug|Win32
		{54FFB25F-2DC8-495D-90A1-BA0A414337C5}.Debug.Build.0 = Debug|Win32
		{54FFB25F-2DC8-495D-90A1-BA0A414337C5}.Release.ActiveCfg = Release|Win32
		{54FFB25F-2DC8-495D-90A1-BA0A414337C5}.Release.Build.0 = Release|Win32
		{54FFB25F-2DC8-495D-90A1-BA0A414337C5}.Release_and_Swig.ActiveCfg = Release|Win32
		{54FFB25F-2DC8-495D-90A1-BA0A414337C5}.Release_and_Swig.Build.0 = Release|Win32
		{54FFB25F-2DC8-495D-90A1-BA0A414337C5}.Swig.ActiveCfg = Swig|Win32
		{54FFB25F-2DC8-495D-90A1-BA0A414337C5}.Swig.Build.0 = Swig|Win32
		{6B6B300B-A54F-423D-B80C-7D1C770E6260}.Debug.ActiveCfg = Debug|Win32
		{6B6B300B-A54F-423D-B80C-7D1C770E6260}.Debug.Build.0 = Debug|Win32
		{6B6B300B-A54F-423D-B80C-7D1C770E6260}.Release.ActiveCfg = Release|Win32
		{6B6B300B-A54F-423D-B80C-7D1C770E6260}.Release.Build.0 = Release|Win32
		{6B6B300B-A54F-423D-B80C-7D1C770E6260}.Release_and_Swig.ActiveCfg = Release|Win32
		{6B6B300B-A54F-423D-B80C-7D1C770E6260}.Release_and_Swig.Build.0 = Release|Win32
		{6B6B300B-A54F-423D-B80C-7D1C770E6260}.Swig.ActiveCfg = Swig|Win32
		{6B6B300B-A54F-423D-B80C-7D1C770E6260}.Swig.Build.0 = Swig|Win32
		{52CF1D2E-D314-4031-AC11-EB87987591A6}.Debug.ActiveCfg = Debug|Win32
		{52CF1D2E-D314-4031-AC11-EB87987591A6}.Debug.Build.0 = Debug|Win32
		{52CF1D2E-D314-4031-AC11-EB87987591A6}.Release.ActiveCfg = Release|Win32
		{52CF1D2E-D314-4031-AC11-EB87987591A6}.Release.Build.0 = Release|Win32
		{52CF1D2E-D314-4031-AC11-EB87987591A6}.Release_and_Swig.ActiveCfg = Release|Win32
		{52CF1D2E-D314-4031-AC11-EB87987591A6}.Release_and_Swig.Build.0 = Release|Win32
		{52CF1D2E-D314-4031-AC11-EB87987591A6}.Swig.ActiveCfg = Swig|Win32
		{52CF1D2E-D314-4031-AC11-EB87987591A6}.Swig.Build.0 = Swig|Win32
		{18BDBAD8-98A3-4A61-86C4-037F106A00CD}.Debug.ActiveCfg = Debug|Win32
		{18BDBAD8-98A3-4A61-86C4-037F106A00CD}.Debug.Build.0 = Debug|Win32
		{18BDBAD8-98A3-4A61-86C4-037F106A00CD}.Release.ActiveCfg = Release|Win32
		{18BDBAD8-98A3-4A61-86C4-037F106A00CD}.Release.Build.0 = Release|Win32
		{18BDBAD8-98A3-4A61-86C4-037F106A00CD}.Release_and_Swig.ActiveCfg = Release|Win32
		{18BDBAD8-98A3-4A61-86C4-037F106A00CD}.Release_and_Swig.Build.0 = Release|Win32
		{18BDBAD8-98A3-4A61-86C4-037F106A00CD}.Swig.ActiveCfg = Swig|Win32
		{18BDBAD8-98A3-4A61-86C4-037F106A00CD}.Swig.Build.0 = Swig|Win32
		{ABC5F5DB-B121-4D92-8AB8-CE1B20B43413}.Debug.ActiveCfg = Debug|Win32
		{ABC5F5DB-B121-4D92-8AB8-CE1B20B43413}.Debug.Build.0 = Debug|Win32
		{ABC5F5DB-B121-4D92-8AB8-CE1B20B43413}.Release.ActiveCfg = Release|Win32
		{ABC5F5DB-B121-4D92-8AB8-CE1B20B43413}.Release.Build.0 = Release|Win32
		{ABC5F5DB-B121-4D92-8AB8-CE1B20B43413}.Release_and_Swig.ActiveCfg = Release|Win32
		{ABC5F5DB-B121-4D92-8AB8-CE1B20B43413}.Release_and_Swig.Build.0 = Release|Win32
		{ABC5F5DB-B121-4D92-8AB8-CE1B20B43413}.Swig.ActiveCfg = Swig|Win32
		{ABC5F5DB-B121-4D92-8AB8-CE1B20B43413}.Swig.Build.0 = Swig|Win32
		{EC20CA95-A33C-4A3E-A8BA-8587000F49F1}.Debug.ActiveCfg = Debug|Win32
		{EC20CA95-A33C-4A3E-A8BA-8587000F49F1}.Release.ActiveCfg = Release|Win32
		{EC20CA95-A33C-4A3E-A8BA-8587000F49F1}.Release_and_Swig.ActiveCfg = Release|Win32
		{EC20CA95-A33C-4A3E-A8BA-8587000F49F1}.Release_and_Swig.Build.0 = Release|Win32
		{EC20CA95-A33C-4A3E-A8BA-8587000F49F1}.Swig.ActiveCfg = Swig|Win32
		{EC20CA95-A33C-4A3E-A8BA-8587000F49F1}.Swig.Build.0 = Swig|Win32
		{711D46F6-6B68-4C65-9EB1-624F02B07E41}.Debug.ActiveCfg = Debug|Win32
		{711D46F6-6B68-4C65-9EB1-624F02B07E41}.Debug.Build.0 = Debug|Win32
		{711D46F6-6B68-4C65-9EB1-624F02B07E41}.Release.ActiveCfg = Release|Win32
		{711D46F6-6B68-4C65-9EB1-624F02B07E41}.Release.Build.0 = Release|Win32
		{711D46F6-6B68-4C65-9EB1-624F02B07E41}.Release_and_Swig.ActiveCfg = Release|Win32
		{711D46F6-6B68-4C65-9EB1-624F02B07E41}.Release_and_Swig.Build.0 = Release|Win32
		{711D46F6-6B68-4C65-9EB1-624F02B07E41}.Swig.ActiveCfg = Swig|Win32
		{711D46F6-6B68-4C65-9EB1-624F02B07E41}.Swig.Build.0 = Swig|Win32
		{7DB19B15-8C74-4EEF-B664-697E030FD67D}.Debug.ActiveCfg = Debug|Win32
		{7DB19B15-8C74-4EEF-B664-697E030FD67D}.Debug.Build.0 = Debug|Win32
		{7DB19B15-8C74-4EEF-B664-697E030FD67D}.Release.ActiveCfg = Release|Win32
		{7DB19B15-8C74-4EEF-B664-697E030FD67D}.Release.Build.0 = Release|Win32
		{7DB19B15-8C74-4EEF-B664-697E030FD67D}.Release_and_Swig.ActiveCfg = Release|Win32
		{7DB19B15-8C74-4EEF-B664-697E030FD67D}.Release_and_Swig.Build.0 = Release|Win32
		{7DB19B15-8C74-4EEF-B664-697E030FD67D}.Swig.ActiveCfg = Swig|Win32
		{7DB19B15-8C74-4EEF-B664-697E030FD67D}.Swig.Build.0 = Swig|Win32
		{7DB29B15-8CA4-4EAF-B666-697E030FD67D}.Debug.ActiveCfg = Debug|Win32
		{7DB29B15-8CA4-4EAF-B666-697E030FD67D}.Debug.Build.0 = Debug|Win32
		{7DB29B15-8CA4-4EAF-B666-697E030FD67D}.Release.ActiveCfg = Release|Win32
		{7DB29B15-8CA4-4EAF-B666-697E030FD67D}.Release.Build.0 = Release|Win32
		{7DB29B15-8CA4-4EAF-B666-697E030FD67D}.Release_and_Swig.ActiveCfg = Release|Win32
		{7DB29B15-8CA4-4EAF-B666-697E030FD67D}.Release_and_Swig.Build.0 = Release|Win32
		{7DB29B15-8CA4-4EAF-B666-697E030FD67D}.Swig.ActiveCfg = Swig|Win32
		{7DB29B15-8CA4-4EAF-B666-697E030FD67D}.Swig.Build.0 = Swig|Win32
	EndGlobalSection
	GlobalSection(ExtensibilityGlobals) = postSolution
	EndGlobalSection
	GlobalSection(ExtensibilityAddIns) = postSolution
	EndGlobalSection
EndGlobal
